
Microsoft Visual Studio Solution File, Format Version 12.00
# Visual Studio Version 17
VisualStudioVersion = 17.7.34031.279
MinimumVisualStudioVersion = 10.0.40219.1
Project("{FAE04EC0-301F-11D3-BF4B-00C04F79EFBC}") = "BattleShipV2", "BattleShipV2\BattleShipV2.csproj", "{F6616DBB-CC65-409E-929C-1CB0CD20CEAE}"
EndProject
Project("{FAE04EC0-301F-11D3-BF4B-00C04F79EFBC}") = "UnitTestProject1", "UnitTestProject1\UnitTestProject1.csproj", "{2680AF77-0DB6-4B2C-97F2-7978000F5791}"
EndProject
Global
	GlobalSection(SolutionConfigurationPlatforms) = preSolution
		Debug|Any CPU = Debug|Any CPU
		Release|Any CPU = Release|Any CPU
	EndGlobalSection
	GlobalSection(ProjectConfigurationPlatforms) = postSolution
		{F6616DBB-CC65-409E-929C-1CB0CD20CEAE}.Debug|Any CPU.ActiveCfg = Debug|Any CPU
		{F6616DBB-CC65-409E-929C-1CB0CD20CEAE}.Debug|Any CPU.Build.0 = Debug|Any CPU
		{F6616DBB-CC65-409E-929C-1CB0CD20CEAE}.Release|Any CPU.ActiveCfg = Release|Any CPU
		{F6616DBB-CC65-409E-929C-1CB0CD20CEAE}.Release|Any CPU.Build.0 = Release|Any CPU
		{2680AF77-0DB6-4B2C-97F2-7978000F5791}.Debug|Any CPU.ActiveCfg = Debug|Any CPU
		{2680AF77-0DB6-4B2C-97F2-7978000F5791}.Debug|Any CPU.Build.0 = Debug|Any CPU
		{2680AF77-0DB6-4B2C-97F2-7978000F5791}.Release|Any CPU.ActiveCfg = Release|Any CPU
		{2680AF77-0DB6-4B2C-97F2-7978000F5791}.Release|Any CPU.Build.0 = Release|Any CPU
	EndGlobalSection
	GlobalSection(SolutionProperties) = preSolution
		HideSolutionNode = FALSE
	EndGlobalSection
	GlobalSection(ExtensibilityGlobals) = postSolution
		SolutionGuid = {F1B0F192-6B03-436F-ACE5-97B274687EED}
	EndGlobalSection
EndGlobal
